
Microsoft Visual Studio Solution File, Format Version 12.00
# Visual Studio Version 17
VisualStudioVersion = 17.13.35919.96 d17.13
MinimumVisualStudioVersion = 10.0.40219.1
Project("{FAE04EC0-301F-11D3-BF4B-00C04F79EFBC}") = "PruebaFinaktivaASP", "PruebaFinaktivaASP.csproj", "{DC37F46B-7BDE-43E6-BE13-75C496113C7A}"
EndProject
Global
	GlobalSection(SolutionConfigurationPlatforms) = preSolution
		Debug|Any CPU = Debug|Any CPU
		Release|Any CPU = Release|Any CPU
	EndGlobalSection
	GlobalSection(ProjectConfigurationPlatforms) = postSolution
		{DC37F46B-7BDE-43E6-BE13-75C496113C7A}.Debug|Any CPU.ActiveCfg = Debug|Any CPU
		{DC37F46B-7BDE-43E6-BE13-75C496113C7A}.Debug|Any CPU.Build.0 = Debug|Any CPU
		{DC37F46B-7BDE-43E6-BE13-75C496113C7A}.Release|Any CPU.ActiveCfg = Release|Any CPU
		{DC37F46B-7BDE-43E6-BE13-75C496113C7A}.Release|Any CPU.Build.0 = Release|Any CPU
	EndGlobalSection
	GlobalSection(SolutionProperties) = preSolution
		HideSolutionNode = FALSE
	EndGlobalSection
	GlobalSection(ExtensibilityGlobals) = postSolution
		SolutionGuid = {4EE6B609-A0B4-48AD-83FB-A4DF5BEF0BEB}
	EndGlobalSection
EndGlobal
